// !$*UTF8*$!
{
	archiveVersion = 1;
	classes = {
	};
	objectVersion = 50;
	objects = {

/* Begin PBXBuildFile section */
		FA34BB8F260393EC00D5E576 /* AppDelegate.swift in Sources */ = {isa = PBXBuildFile; fileRef = FA34BB8E260393EC00D5E576 /* AppDelegate.swift */; };
		FA34BB91260393EC00D5E576 /* SceneDelegate.swift in Sources */ = {isa = PBXBuildFile; fileRef = FA34BB90260393EC00D5E576 /* SceneDelegate.swift */; };
		FA34BB93260393EC00D5E576 /* ViewController.swift in Sources */ = {isa = PBXBuildFile; fileRef = FA34BB92260393EC00D5E576 /* ViewController.swift */; };
		FA34BB96260393EC00D5E576 /* Main.storyboard in Resources */ = {isa = PBXBuildFile; fileRef = FA34BB94260393EC00D5E576 /* Main.storyboard */; };
		FA34BB98260393EC00D5E576 /* Assets.xcassets in Resources */ = {isa = PBXBuildFile; fileRef = FA34BB97260393EC00D5E576 /* Assets.xcassets */; };
		FA34BB9B260393EC00D5E576 /* LaunchScreen.storyboard in Resources */ = {isa = PBXBuildFile; fileRef = FA34BB99260393EC00D5E576 /* LaunchScreen.storyboard */; };
		FA34BBA6260393EC00D5E576 /* circularTestTests.swift in Sources */ = {isa = PBXBuildFile; fileRef = FA34BBA5260393EC00D5E576 /* circularTestTests.swift */; };
		FA34BBB1260393EC00D5E576 /* circularTestUITests.swift in Sources */ = {isa = PBXBuildFile; fileRef = FA34BBB0260393EC00D5E576 /* circularTestUITests.swift */; };
/* End PBXBuildFile section */

/* Begin PBXContainerItemProxy section */
		FA34BBA2260393EC00D5E576 /* PBXContainerItemProxy */ = {
			isa = PBXContainerItemProxy;
			containerPortal = FA34BB83260393EC00D5E576 /* Project object */;
			proxyType = 1;
			remoteGlobalIDString = FA34BB8A260393EC00D5E576;
			remoteInfo = circularTest;
		};
		FA34BBAD260393EC00D5E576 /* PBXContainerItemProxy */ = {
			isa = PBXContainerItemProxy;
			containerPortal = FA34BB83260393EC00D5E576 /* Project object */;
			proxyType = 1;
			remoteGlobalIDString = FA34BB8A260393EC00D5E576;
			remoteInfo = circularTest;
		};
/* End PBXContainerItemProxy section */

/* Begin PBXFileReference section */
		FA34BB8B260393EC00D5E576 /* circularTest.app */ = {isa = PBXFileReference; explicitFileType = wrapper.application; includeInIndex = 0; path = circularTest.app; sourceTree = BUILT_PRODUCTS_DIR; };
		FA34BB8E260393EC00D5E576 /* AppDelegate.swift */ = {isa = PBXFileReference; lastKnownFileType = sourcecode.swift; path = AppDelegate.swift; sourceTree = "<group>"; };
		FA34BB90260393EC00D5E576 /* SceneDelegate.swift */ = {isa = PBXFileReference; lastKnownFileType = sourcecode.swift; path = SceneDelegate.swift; sourceTree = "<group>"; };
		FA34BB92260393EC00D5E576 /* ViewController.swift */ = {isa = PBXFileReference; lastKnownFileType = sourcecode.swift; path = ViewController.swift; sourceTree = "<group>"; };
		FA34BB95260393EC00D5E576 /* Base */ = {isa = PBXFileReference; lastKnownFileType = file.storyboard; name = Base; path = Base.lproj/Main.storyboard; sourceTree = "<group>"; };
		FA34BB97260393EC00D5E576 /* Assets.xcassets */ = {isa = PBXFileReference; lastKnownFileType = folder.assetcatalog; path = Assets.xcassets; sourceTree = "<group>"; };
		FA34BB9A260393EC00D5E576 /* Base */ = {isa = PBXFileReference; lastKnownFileType = file.storyboard; name = Base; path = Base.lproj/LaunchScreen.storyboard; sourceTree = "<group>"; };
		FA34BB9C260393EC00D5E576 /* Info.plist */ = {isa = PBXFileReference; lastKnownFileType = text.plist.xml; path = Info.plist; sourceTree = "<group>"; };
		FA34BBA1260393EC00D5E576 /* circularTestTests.xctest */ = {isa = PBXFileReference; explicitFileType = wrapper.cfbundle; includeInIndex = 0; path = circularTestTests.xctest; sourceTree = BUILT_PRODUCTS_DIR; };
		FA34BBA5260393EC00D5E576 /* circularTestTests.swift */ = {isa = PBXFileReference; lastKnownFileType = sourcecode.swift; path = circularTestTests.swift; sourceTree = "<group>"; };
		FA34BBA7260393EC00D5E576 /* Info.plist */ = {isa = PBXFileReference; lastKnownFileType = text.plist.xml; path = Info.plist; sourceTree = "<group>"; };
		FA34BBAC260393EC00D5E576 /* circularTestUITests.xctest */ = {isa = PBXFileReference; explicitFileType = wrapper.cfbundle; includeInIndex = 0; path = circularTestUITests.xctest; sourceTree = BUILT_PRODUCTS_DIR; };
		FA34BBB0260393EC00D5E576 /* circularTestUITests.swift */ = {isa = PBXFileReference; lastKnownFileType = sourcecode.swift; path = circularTestUITests.swift; sourceTree = "<group>"; };
		FA34BBB2260393EC00D5E576 /* Info.plist */ = {isa = PBXFileReference; lastKnownFileType = text.plist.xml; path = Info.plist; sourceTree = "<group>"; };
/* End PBXFileReference section */

/* Begin PBXFrameworksBuildPhase section */
		FA34BB88260393EC00D5E576 /* Frameworks */ = {
			isa = PBXFrameworksBuildPhase;
			buildActionMask = 2147483647;
			files = (
			);
			runOnlyForDeploymentPostprocessing = 0;
		};
		FA34BB9E260393EC00D5E576 /* Frameworks */ = {
			isa = PBXFrameworksBuildPhase;
			buildActionMask = 2147483647;
			files = (
			);
			runOnlyForDeploymentPostprocessing = 0;
		};
		FA34BBA9260393EC00D5E576 /* Frameworks */ = {
			isa = PBXFrameworksBuildPhase;
			buildActionMask = 2147483647;
			files = (
			);
			runOnlyForDeploymentPostprocessing = 0;
		};
/* End PBXFrameworksBuildPhase section */

/* Begin PBXGroup section */
		FA34BB82260393EC00D5E576 = {
			isa = PBXGroup;
			children = (
				FA34BB8D260393EC00D5E576 /* circularTest */,
				FA34BBA4260393EC00D5E576 /* circularTestTests */,
				FA34BBAF260393EC00D5E576 /* circularTestUITests */,
				FA34BB8C260393EC00D5E576 /* Products */,
			);
			sourceTree = "<group>";
		};
		FA34BB8C260393EC00D5E576 /* Products */ = {
			isa = PBXGroup;
			children = (
				FA34BB8B260393EC00D5E576 /* circularTest.app */,
				FA34BBA1260393EC00D5E576 /* circularTestTests.xctest */,
				FA34BBAC260393EC00D5E576 /* circularTestUITests.xctest */,
			);
			name = Products;
			sourceTree = "<group>";
		};
		FA34BB8D260393EC00D5E576 /* circularTest */ = {
			isa = PBXGroup;
			children = (
				FA34BB8E260393EC00D5E576 /* AppDelegate.swift */,
				FA34BB90260393EC00D5E576 /* SceneDelegate.swift */,
				FA34BB92260393EC00D5E576 /* ViewController.swift */,
				FA34BB94260393EC00D5E576 /* Main.storyboard */,
				FA34BB97260393EC00D5E576 /* Assets.xcassets */,
				FA34BB99260393EC00D5E576 /* LaunchScreen.storyboard */,
				FA34BB9C260393EC00D5E576 /* Info.plist */,
			);
			path = circularTest;
			sourceTree = "<group>";
		};
		FA34BBA4260393EC00D5E576 /* circularTestTests */ = {
			isa = PBXGroup;
			children = (
				FA34BBA5260393EC00D5E576 /* circularTestTests.swift */,
				FA34BBA7260393EC00D5E576 /* Info.plist */,
			);
			path = circularTestTests;
			sourceTree = "<group>";
		};
		FA34BBAF260393EC00D5E576 /* circularTestUITests */ = {
			isa = PBXGroup;
			children = (
				FA34BBB0260393EC00D5E576 /* circularTestUITests.swift */,
				FA34BBB2260393EC00D5E576 /* Info.plist */,
			);
			path = circularTestUITests;
			sourceTree = "<group>";
		};
/* End PBXGroup section */

/* Begin PBXNativeTarget section */
		FA34BB8A260393EC00D5E576 /* circularTest */ = {
			isa = PBXNativeTarget;
			buildConfigurationList = FA34BBB5260393EC00D5E576 /* Build configuration list for PBXNativeTarget "circularTest" */;
			buildPhases = (
				FA34BB87260393EC00D5E576 /* Sources */,
				FA34BB88260393EC00D5E576 /* Frameworks */,
				FA34BB89260393EC00D5E576 /* Resources */,
			);
			buildRules = (
			);
			dependencies = (
			);
			name = circularTest;
			productName = circularTest;
			productReference = FA34BB8B260393EC00D5E576 /* circularTest.app */;
			productType = "com.apple.product-type.application";
		};
		FA34BBA0260393EC00D5E576 /* circularTestTests */ = {
			isa = PBXNativeTarget;
			buildConfigurationList = FA34BBB8260393EC00D5E576 /* Build configuration list for PBXNativeTarget "circularTestTests" */;
			buildPhases = (
				FA34BB9D260393EC00D5E576 /* Sources */,
				FA34BB9E260393EC00D5E576 /* Frameworks */,
				FA34BB9F260393EC00D5E576 /* Resources */,
			);
			buildRules = (
			);
			dependencies = (
				FA34BBA3260393EC00D5E576 /* PBXTargetDependency */,
			);
			name = circularTestTests;
			productName = circularTestTests;
			productReference = FA34BBA1260393EC00D5E576 /* circularTestTests.xctest */;
			productType = "com.apple.product-type.bundle.unit-test";
		};
		FA34BBAB260393EC00D5E576 /* circularTestUITests */ = {
			isa = PBXNativeTarget;
			buildConfigurationList = FA34BBBB260393EC00D5E576 /* Build configuration list for PBXNativeTarget "circularTestUITests" */;
			buildPhases = (
				FA34BBA8260393EC00D5E576 /* Sources */,
				FA34BBA9260393EC00D5E576 /* Frameworks */,
				FA34BBAA260393EC00D5E576 /* Resources */,
			);
			buildRules = (
			);
			dependencies = (
				FA34BBAE260393EC00D5E576 /* PBXTargetDependency */,
			);
			name = circularTestUITests;
			productName = circularTestUITests;
			productReference = FA34BBAC260393EC00D5E576 /* circularTestUITests.xctest */;
			productType = "com.apple.product-type.bundle.ui-testing";
		};
/* End PBXNativeTarget section */

/* Begin PBXProject section */
		FA34BB83260393EC00D5E576 /* Project object */ = {
			isa = PBXProject;
			attributes = {
				LastSwiftUpdateCheck = 1240;
				LastUpgradeCheck = 1240;
				TargetAttributes = {
					FA34BB8A260393EC00D5E576 = {
						CreatedOnToolsVersion = 12.4;
					};
					FA34BBA0260393EC00D5E576 = {
						CreatedOnToolsVersion = 12.4;
						TestTargetID = FA34BB8A260393EC00D5E576;
					};
					FA34BBAB260393EC00D5E576 = {
						CreatedOnToolsVersion = 12.4;
						TestTargetID = FA34BB8A260393EC00D5E576;
					};
				};
			};
			buildConfigurationList = FA34BB86260393EC00D5E576 /* Build configuration list for PBXProject "circularTest" */;
			compatibilityVersion = "Xcode 9.3";
			developmentRegion = en;
			hasScannedForEncodings = 0;
			knownRegions = (
				en,
				Base,
			);
			mainGroup = FA34BB82260393EC00D5E576;
			productRefGroup = FA34BB8C260393EC00D5E576 /* Products */;
			projectDirPath = "";
			projectRoot = "";
			targets = (
				FA34BB8A260393EC00D5E576 /* circularTest */,
				FA34BBA0260393EC00D5E576 /* circularTestTests */,
				FA34BBAB260393EC00D5E576 /* circularTestUITests */,
			);
		};
/* End PBXProject section */

/* Begin PBXResourcesBuildPhase section */
		FA34BB89260393EC00D5E576 /* Resources */ = {
			isa = PBXResourcesBuildPhase;
			buildActionMask = 2147483647;
			files = (
				FA34BB9B260393EC00D5E576 /* LaunchScreen.storyboard in Resources */,
				FA34BB98260393EC00D5E576 /* Assets.xcassets in Resources */,
				FA34BB96260393EC00D5E576 /* Main.storyboard in Resources */,
			);
			runOnlyForDeploymentPostprocessing = 0;
		};
		FA34BB9F260393EC00D5E576 /* Resources */ = {
			isa = PBXResourcesBuildPhase;
			buildActionMask = 2147483647;
			files = (
			);
			runOnlyForDeploymentPostprocessing = 0;
		};
		FA34BBAA260393EC00D5E576 /* Resources */ = {
			isa = PBXResourcesBuildPhase;
			buildActionMask = 2147483647;
			files = (
			);
			runOnlyForDeploymentPostprocessing = 0;
		};
/* End PBXResourcesBuildPhase section */

/* Begin PBXSourcesBuildPhase section */
		FA34BB87260393EC00D5E576 /* Sources */ = {
			isa = PBXSourcesBuildPhase;
			buildActionMask = 2147483647;
			files = (
				FA34BB93260393EC00D5E576 /* ViewController.swift in Sources */,
				FA34BB8F260393EC00D5E576 /* AppDelegate.swift in Sources */,
				FA34BB91260393EC00D5E576 /* SceneDelegate.swift in Sources */,
			);
			runOnlyForDeploymentPostprocessing = 0;
		};
		FA34BB9D260393EC00D5E576 /* Sources */ = {
			isa = PBXSourcesBuildPhase;
			buildActionMask = 2147483647;
			files = (
				FA34BBA6260393EC00D5E576 /* circularTestTests.swift in Sources */,
			);
			runOnlyForDeploymentPostprocessing = 0;
		};
		FA34BBA8260393EC00D5E576 /* Sources */ = {
			isa = PBXSourcesBuildPhase;
			buildActionMask = 2147483647;
			files = (
				FA34BBB1260393EC00D5E576 /* circularTestUITests.swift in Sources */,
			);
			runOnlyForDeploymentPostprocessing = 0;
		};
/* End PBXSourcesBuildPhase section */

/* Begin PBXTargetDependency section */
		FA34BBA3260393EC00D5E576 /* PBXTargetDependency */ = {
			isa = PBXTargetDependency;
			target = FA34BB8A260393EC00D5E576 /* circularTest */;
			targetProxy = FA34BBA2260393EC00D5E576 /* PBXContainerItemProxy */;
		};
		FA34BBAE260393EC00D5E576 /* PBXTargetDependency */ = {
			isa = PBXTargetDependency;
			target = FA34BB8A260393EC00D5E576 /* circularTest */;
			targetProxy = FA34BBAD260393EC00D5E576 /* PBXContainerItemProxy */;
		};
/* End PBXTargetDependency section */

/* Begin PBXVariantGroup section */
		FA34BB94260393EC00D5E576 /* Main.storyboard */ = {
			isa = PBXVariantGroup;
			children = (
				FA34BB95260393EC00D5E576 /* Base */,
			);
			name = Main.storyboard;
			sourceTree = "<group>";
		};
		FA34BB99260393EC00D5E576 /* LaunchScreen.storyboard */ = {
			isa = PBXVariantGroup;
			children = (
				FA34BB9A260393EC00D5E576 /* Base */,
			);
			name = LaunchScreen.storyboard;
			sourceTree = "<group>";
		};
/* End PBXVariantGroup section */

/* Begin XCBuildConfiguration section */
		FA34BBB3260393EC00D5E576 /* Debug */ = {
			isa = XCBuildConfiguration;
			buildSettings = {
				ALWAYS_SEARCH_USER_PATHS = NO;
				CLANG_ANALYZER_NONNULL = YES;
				CLANG_ANALYZER_NUMBER_OBJECT_CONVERSION = YES_AGGRESSIVE;
				CLANG_CXX_LANGUAGE_STANDARD = "gnu++14";
				CLANG_CXX_LIBRARY = "libc++";
				CLANG_ENABLE_MODULES = YES;
				CLANG_ENABLE_OBJC_ARC = YES;
				CLANG_ENABLE_OBJC_WEAK = YES;
				CLANG_WARN_BLOCK_CAPTURE_AUTORELEASING = YES;
				CLANG_WARN_BOOL_CONVERSION = YES;
				CLANG_WARN_COMMA = YES;
				CLANG_WARN_CONSTANT_CONVERSION = YES;
				CLANG_WARN_DEPRECATED_OBJC_IMPLEMENTATIONS = YES;
				CLANG_WARN_DIRECT_OBJC_ISA_USAGE = YES_ERROR;
				CLANG_WARN_DOCUMENTATION_COMMENTS = YES;
				CLANG_WARN_EMPTY_BODY = YES;
				CLANG_WARN_ENUM_CONVERSION = YES;
				CLANG_WARN_INFINITE_RECURSION = YES;
				CLANG_WARN_INT_CONVERSION = YES;
				CLANG_WARN_NON_LITERAL_NULL_CONVERSION = YES;
				CLANG_WARN_OBJC_IMPLICIT_RETAIN_SELF = YES;
				CLANG_WARN_OBJC_LITERAL_CONVERSION = YES;
				CLANG_WARN_OBJC_ROOT_CLASS = YES_ERROR;
				CLANG_WARN_QUOTED_INCLUDE_IN_FRAMEWORK_HEADER = YES;
				CLANG_WARN_RANGE_LOOP_ANALYSIS = YES;
				CLANG_WARN_STRICT_PROTOTYPES = YES;
				CLANG_WARN_SUSPICIOUS_MOVE = YES;
				CLANG_WARN_UNGUARDED_AVAILABILITY = YES_AGGRESSIVE;
				CLANG_WARN_UNREACHABLE_CODE = YES;
				CLANG_WARN__DUPLICATE_METHOD_MATCH = YES;
				COPY_PHASE_STRIP = NO;
				DEBUG_INFORMATION_FORMAT = dwarf;
				ENABLE_STRICT_OBJC_MSGSEND = YES;
				ENABLE_TESTABILITY = YES;
				GCC_C_LANGUAGE_STANDARD = gnu11;
				GCC_DYNAMIC_NO_PIC = NO;
				GCC_NO_COMMON_BLOCKS = YES;
				GCC_OPTIMIZATION_LEVEL = 0;
				GCC_PREPROCESSOR_DEFINITIONS = (
					"DEBUG=1",
					"$(inherited)",
				);
				GCC_WARN_64_TO_32_BIT_CONVERSION = YES;
				GCC_WARN_ABOUT_RETURN_TYPE = YES_ERROR;
				GCC_WARN_UNDECLARED_SELECTOR = YES;
				GCC_WARN_UNINITIALIZED_AUTOS = YES_AGGRESSIVE;
				GCC_WARN_UNUSED_FUNCTION = YES;
				GCC_WARN_UNUSED_VARIABLE = YES;
				IPHONEOS_DEPLOYMENT_TARGET = 14.4;
				MTL_ENABLE_DEBUG_INFO = INCLUDE_SOURCE;
				MTL_FAST_MATH = YES;
				ONLY_ACTIVE_ARCH = YES;
				SDKROOT = iphoneos;
				SWIFT_ACTIVE_COMPILATION_CONDITIONS = DEBUG;
				SWIFT_OPTIMIZATION_LEVEL = "-Onone";
			};
			name = Debug;
		};
		FA34BBB4260393EC00D5E576 /* Release */ = {
			isa = XCBuildConfiguration;
			buildSettings = {
				ALWAYS_SEARCH_USER_PATHS = NO;
				CLANG_ANALYZER_NONNULL = YES;
				CLANG_ANALYZER_NUMBER_OBJECT_CONVERSION = YES_AGGRESSIVE;
				CLANG_CXX_LANGUAGE_STANDARD = "gnu++14";
				CLANG_CXX_LIBRARY = "libc++";
				CLANG_ENABLE_MODULES = YES;
				CLANG_ENABLE_OBJC_ARC = YES;
				CLANG_ENABLE_OBJC_WEAK = YES;
				CLANG_WARN_BLOCK_CAPTURE_AUTORELEASING = YES;
				CLANG_WARN_BOOL_CONVERSION = YES;
				CLANG_WARN_COMMA = YES;
				CLANG_WARN_CONSTANT_CONVERSION = YES;
				CLANG_WARN_DEPRECATED_OBJC_IMPLEMENTATIONS = YES;
				CLANG_WARN_DIRECT_OBJC_ISA_USAGE = YES_ERROR;
				CLANG_WARN_DOCUMENTATION_COMMENTS = YES;
				CLANG_WARN_EMPTY_BODY = YES;
				CLANG_WARN_ENUM_CONVERSION = YES;
				CLANG_WARN_INFINITE_RECURSION = YES;
				CLANG_WARN_INT_CONVERSION = YES;
				CLANG_WARN_NON_LITERAL_NULL_CONVERSION = YES;
				CLANG_WARN_OBJC_IMPLICIT_RETAIN_SELF = YES;
				CLANG_WARN_OBJC_LITERAL_CONVERSION = YES;
				CLANG_WARN_OBJC_ROOT_CLASS = YES_ERROR;
				CLANG_WARN_QUOTED_INCLUDE_IN_FRAMEWORK_HEADER = YES;
				CLANG_WARN_RANGE_LOOP_ANALYSIS = YES;
				CLANG_WARN_STRICT_PROTOTYPES = YES;
				CLANG_WARN_SUSPICIOUS_MOVE = YES;
				CLANG_WARN_UNGUARDED_AVAILABILITY = YES_AGGRESSIVE;
				CLANG_WARN_UNREACHABLE_CODE = YES;
				CLANG_WARN__DUPLICATE_METHOD_MATCH = YES;
				COPY_PHASE_STRIP = NO;
				DEBUG_INFORMATION_FORMAT = "dwarf-with-dsym";
				ENABLE_NS_ASSERTIONS = NO;
				ENABLE_STRICT_OBJC_MSGSEND = YES;
				GCC_C_LANGUAGE_STANDARD = gnu11;
				GCC_NO_COMMON_BLOCKS = YES;
				GCC_WARN_64_TO_32_BIT_CONVERSION = YES;
				GCC_WARN_ABOUT_RETURN_TYPE = YES_ERROR;
				GCC_WARN_UNDECLARED_SELECTOR = YES;
				GCC_WARN_UNINITIALIZED_AUTOS = YES_AGGRESSIVE;
				GCC_WARN_UNUSED_FUNCTION = YES;
				GCC_WARN_UNUSED_VARIABLE = YES;
				IPHONEOS_DEPLOYMENT_TARGET = 14.4;
				MTL_ENABLE_DEBUG_INFO = NO;
				MTL_FAST_MATH = YES;
				SDKROOT = iphoneos;
				SWIFT_COMPILATION_MODE = wholemodule;
				SWIFT_OPTIMIZATION_LEVEL = "-O";
				VALIDATE_PRODUCT = YES;
			};
			name = Release;
		};
		FA34BBB6260393EC00D5E576 /* Debug */ = {
			isa = XCBuildConfiguration;
			buildSettings = {
				ASSETCATALOG_COMPILER_APPICON_NAME = AppIcon;
				ASSETCATALOG_COMPILER_GLOBAL_ACCENT_COLOR_NAME = AccentColor;
				CODE_SIGN_STYLE = Automatic;
				DEVELOPMENT_TEAM = JVM82SQA75;
				INFOPLIST_FILE = circularTest/Info.plist;
				IPHONEOS_DEPLOYMENT_TARGET = 13.0;
				LD_RUNPATH_SEARCH_PATHS = (
					"$(inherited)",
					"@executable_path/Frameworks",
				);
				PRODUCT_BUNDLE_IDENTIFIER = dev.maengji.circularTest;
				PRODUCT_NAME = "$(TARGET_NAME)";
				SWIFT_VERSION = 5.0;
				TARGETED_DEVICE_FAMILY = "1,2";
			};
			name = Debug;
		};
		FA34BBB7260393EC00D5E576 /* Release */ = {
			isa = XCBuildConfiguration;
			buildSettings = {
				ASSETCATALOG_COMPILER_APPICON_NAME = AppIcon;
				ASSETCATALOG_COMPILER_GLOBAL_ACCENT_COLOR_NAME = AccentColor;
				CODE_SIGN_STYLE = Automatic;
				DEVELOPMENT_TEAM = JVM82SQA75;
				INFOPLIST_FILE = circularTest/Info.plist;
				IPHONEOS_DEPLOYMENT_TARGET = 13.0;
				LD_RUNPATH_SEARCH_PATHS = (
					"$(inherited)",
					"@executable_path/Frameworks",
				);
				PRODUCT_BUNDLE_IDENTIFIER = dev.maengji.circularTest;
				PRODUCT_NAME = "$(TARGET_NAME)";
				SWIFT_VERSION = 5.0;
				TARGETED_DEVICE_FAMILY = "1,2";
			};
			name = Release;
		};
		FA34BBB9260393EC00D5E576 /* Debug */ = {
			isa = XCBuildConfiguration;
			buildSettings = {
				ALWAYS_EMBED_SWIFT_STANDARD_LIBRARIES = YES;
				BUNDLE_LOADER = "$(TEST_HOST)";
				CODE_SIGN_STYLE = Automatic;
				DEVELOPMENT_TEAM = JVM82SQA75;
				INFOPLIST_FILE = circularTestTests/Info.plist;
				IPHONEOS_DEPLOYMENT_TARGET = 14.4;
				LD_RUNPATH_SEARCH_PATHS = (
					"$(inherited)",
					"@executable_path/Frameworks",
					"@loader_path/Frameworks",
				);
				PRODUCT_BUNDLE_IDENTIFIER = dev.maengji.circularTestTests;
				PRODUCT_NAME = "$(TARGET_NAME)";
				SWIFT_VERSION = 5.0;
				TARGETED_DEVICE_FAMILY = "1,2";
				TEST_HOST = "$(BUILT_PRODUCTS_DIR)/circularTest.app/circularTest";
			};
			name = Debug;
		};
		FA34BBBA260393EC00D5E576 /* Release */ = {
			isa = XCBuildConfiguration;
			buildSettings = {
				ALWAYS_EMBED_SWIFT_STANDARD_LIBRARIES = YES;
				BUNDLE_LOADER = "$(TEST_HOST)";
				CODE_SIGN_STYLE = Automatic;
				DEVELOPMENT_TEAM = JVM82SQA75;
				INFOPLIST_FILE = circularTestTests/Info.plist;
				IPHONEOS_DEPLOYMENT_TARGET = 14.4;
				LD_RUNPATH_SEARCH_PATHS = (
					"$(inherited)",
					"@executable_path/Frameworks",
					"@loader_path/Frameworks",
				);
				PRODUCT_BUNDLE_IDENTIFIER = dev.maengji.circularTestTests;
				PRODUCT_NAME = "$(TARGET_NAME)";
				SWIFT_VERSION = 5.0;
				TARGETED_DEVICE_FAMILY = "1,2";
				TEST_HOST = "$(BUILT_PRODUCTS_DIR)/circularTest.app/circularTest";
			};
			name = Release;
		};
		FA34BBBC260393EC00D5E576 /* Debug */ = {
			isa = XCBuildConfiguration;
			buildSettings = {
				ALWAYS_EMBED_SWIFT_STANDARD_LIBRARIES = YES;
				CODE_SIGN_STYLE = Automatic;
				DEVELOPMENT_TEAM = JVM82SQA75;
				INFOPLIST_FILE = circularTestUITests/Info.plist;
				LD_RUNPATH_SEARCH_PATHS = (
					"$(inherited)",
					"@executable_path/Frameworks",
					"@loader_path/Frameworks",
				);
				PRODUCT_BUNDLE_IDENTIFIER = dev.maengji.circularTestUITests;
				PRODUCT_NAME = "$(TARGET_NAME)";
				SWIFT_VERSION = 5.0;
				TARGETED_DEVICE_FAMILY = "1,2";
				TEST_TARGET_NAME = circularTest;
			};
			name = Debug;
		};
		FA34BBBD260393EC00D5E576 /* Release */ = {
			isa = XCBuildConfiguration;
			buildSettings = {
				ALWAYS_EMBED_SWIFT_STANDARD_LIBRARIES = YES;
				CODE_SIGN_STYLE = Automatic;
				DEVELOPMENT_TEAM = JVM82SQA75;
				INFOPLIST_FILE = circularTestUITests/Info.plist;
				LD_RUNPATH_SEARCH_PATHS = (
					"$(inherited)",
					"@executable_path/Frameworks",
					"@loader_path/Frameworks",
				);
				PRODUCT_BUNDLE_IDENTIFIER = dev.maengji.circularTestUITests;
				PRODUCT_NAME = "$(TARGET_NAME)";
				SWIFT_VERSION = 5.0;
				TARGETED_DEVICE_FAMILY = "1,2";
				TEST_TARGET_NAME = circularTest;
			};
			name = Release;
		};
/* End XCBuildConfiguration section */

/* Begin XCConfigurationList section */
		FA34BB86260393EC00D5E576 /* Build configuration list for PBXProject "circularTest" */ = {
			isa = XCConfigurationList;
			buildConfigurations = (
				FA34BBB3260393EC00D5E576 /* Debug */,
				FA34BBB4260393EC00D5E576 /* Release */,
			);
			defaultConfigurationIsVisible = 0;
			defaultConfigurationName = Release;
		};
		FA34BBB5260393EC00D5E576 /* Build configuration list for PBXNativeTarget "circularTest" */ = {
			isa = XCConfigurationList;
			buildConfigurations = (
				FA34BBB6260393EC00D5E576 /* Debug */,
				FA34BBB7260393EC00D5E576 /* Release */,
			);
			defaultConfigurationIsVisible = 0;
			defaultConfigurationName = Release;
		};
		FA34BBB8260393EC00D5E576 /* Build configuration list for PBXNativeTarget "circularTestTests" */ = {
			isa = XCConfigurationList;
			buildConfigurations = (
				FA34BBB9260393EC00D5E576 /* Debug */,
				FA34BBBA260393EC00D5E576 /* Release */,
			);
			defaultConfigurationIsVisible = 0;
			defaultConfigurationName = Release;
		};
		FA34BBBB260393EC00D5E576 /* Build configuration list for PBXNativeTarget "circularTestUITests" */ = {
			isa = XCConfigurationList;
			buildConfigurations = (
				FA34BBBC260393EC00D5E576 /* Debug */,
				FA34BBBD260393EC00D5E576 /* Release */,
			);
			defaultConfigurationIsVisible = 0;
			defaultConfigurationName = Release;
		};
/* End XCConfigurationList section */
	};
	rootObject = FA34BB83260393EC00D5E576 /* Project object */;
}
